
Microsoft Visual Studio Solution File, Format Version 12.00
# Visual Studio Version 16
VisualStudioVersion = 16.0.33214.272
MinimumVisualStudioVersion = 10.0.40219.1
Project("{FAE04EC0-301F-11D3-BF4B-00C04F79EFBC}") = "ShumatbaevMR_01_04", "ShumatbaevMR_01_04.csproj", "{210D84EB-C520-4D48-8924-26ABBFB36327}"
EndProject
Project("{FAE04EC0-301F-11D3-BF4B-00C04F79EFBC}") = "Shumatbev_01_04_Test", "..\Shumatbev_01_04_Test\Shumatbev_01_04_Test.csproj", "{9A213866-F4D2-4835-9041-D9F10A058FB9}"
EndProject
Global
	GlobalSection(SolutionConfigurationPlatforms) = preSolution
		Debug|Any CPU = Debug|Any CPU
		Release|Any CPU = Release|Any CPU
	EndGlobalSection
	GlobalSection(ProjectConfigurationPlatforms) = postSolution
		{210D84EB-C520-4D48-8924-26ABBFB36327}.Debug|Any CPU.ActiveCfg = Debug|Any CPU
		{210D84EB-C520-4D48-8924-26ABBFB36327}.Debug|Any CPU.Build.0 = Debug|Any CPU
		{210D84EB-C520-4D48-8924-26ABBFB36327}.Release|Any CPU.ActiveCfg = Release|Any CPU
		{210D84EB-C520-4D48-8924-26ABBFB36327}.Release|Any CPU.Build.0 = Release|Any CPU
		{9A213866-F4D2-4835-9041-D9F10A058FB9}.Debug|Any CPU.ActiveCfg = Debug|Any CPU
		{9A213866-F4D2-4835-9041-D9F10A058FB9}.Debug|Any CPU.Build.0 = Debug|Any CPU
		{9A213866-F4D2-4835-9041-D9F10A058FB9}.Release|Any CPU.ActiveCfg = Release|Any CPU
		{9A213866-F4D2-4835-9041-D9F10A058FB9}.Release|Any CPU.Build.0 = Release|Any CPU
	EndGlobalSection
	GlobalSection(SolutionProperties) = preSolution
		HideSolutionNode = FALSE
	EndGlobalSection
	GlobalSection(ExtensibilityGlobals) = postSolution
		SolutionGuid = {A70451A9-59E3-4DDB-BCDD-F8C3523C48B5}
	EndGlobalSection
EndGlobal
